
Microsoft Visual Studio Solution File, Format Version 12.00
# Visual Studio Version 16
VisualStudioVersion = 16.0.31005.135
MinimumVisualStudioVersion = 10.0.40219.1
Project("{9A19103F-16F7-4668-BE54-9A1E7A4F7556}") = "SalonSystemData", "EscuelaSystemData\SalonSystemData.csproj", "{402024D9-3FB7-4048-AE4E-8DDE2357B1DA}"
EndProject
Project("{9A19103F-16F7-4668-BE54-9A1E7A4F7556}") = "SalonSystemModules", "EscuelaSystemModules\SalonSystemModules.csproj", "{D8F304EF-AF47-4165-828C-743E04C6288C}"
EndProject
Project("{9A19103F-16F7-4668-BE54-9A1E7A4F7556}") = "SalonSystemWeb", "EscuelaSystemWeb\SalonSystemWeb.csproj", "{C3C89E99-956B-4030-BF53-4902AC0271A2}"
EndProject
Global
	GlobalSection(SolutionConfigurationPlatforms) = preSolution
		Debug|Any CPU = Debug|Any CPU
		Release|Any CPU = Release|Any CPU
	EndGlobalSection
	GlobalSection(ProjectConfigurationPlatforms) = postSolution
		{402024D9-3FB7-4048-AE4E-8DDE2357B1DA}.Debug|Any CPU.ActiveCfg = Debug|Any CPU
		{402024D9-3FB7-4048-AE4E-8DDE2357B1DA}.Debug|Any CPU.Build.0 = Debug|Any CPU
		{402024D9-3FB7-4048-AE4E-8DDE2357B1DA}.Release|Any CPU.ActiveCfg = Release|Any CPU
		{402024D9-3FB7-4048-AE4E-8DDE2357B1DA}.Release|Any CPU.Build.0 = Release|Any CPU
		{D8F304EF-AF47-4165-828C-743E04C6288C}.Debug|Any CPU.ActiveCfg = Debug|Any CPU
		{D8F304EF-AF47-4165-828C-743E04C6288C}.Debug|Any CPU.Build.0 = Debug|Any CPU
		{D8F304EF-AF47-4165-828C-743E04C6288C}.Release|Any CPU.ActiveCfg = Release|Any CPU
		{D8F304EF-AF47-4165-828C-743E04C6288C}.Release|Any CPU.Build.0 = Release|Any CPU
		{C3C89E99-956B-4030-BF53-4902AC0271A2}.Debug|Any CPU.ActiveCfg = Debug|Any CPU
		{C3C89E99-956B-4030-BF53-4902AC0271A2}.Debug|Any CPU.Build.0 = Debug|Any CPU
		{C3C89E99-956B-4030-BF53-4902AC0271A2}.Release|Any CPU.ActiveCfg = Release|Any CPU
		{C3C89E99-956B-4030-BF53-4902AC0271A2}.Release|Any CPU.Build.0 = Release|Any CPU
	EndGlobalSection
	GlobalSection(SolutionProperties) = preSolution
		HideSolutionNode = FALSE
	EndGlobalSection
	GlobalSection(ExtensibilityGlobals) = postSolution
		SolutionGuid = {BAFE6DF2-7951-4DE4-953D-78D93EF8948E}
	EndGlobalSection
EndGlobal
